{
  "name": "Library-Helper",
  "version": "1.0.0",
  "lockfileVersion": 2,
  "requires": true,
  "packages": {
    "": {
      "name": "Library-Helper",
      "version": "1.0.0",
      "devDependencies": {
        "@figma/plugin-typings": "*",
        "typescript": "*"
      }
    },
    "node_modules/@figma/plugin-typings": {
      "version": "1.53.0",
      "resolved": "https://registry.npmjs.org/@figma/plugin-typings/-/plugin-typings-1.53.0.tgz",
      "integrity": "sha512-8XiX9iaguKE0YvcAon3hWv28rzJXe12OvKi6+ohPyLnF28f6msmyn/xVcoUuBCPAiMIDwOjlJHS+vwyzCiF9eA==",
      "dev": true
    },
    "node_modules/typescript": {
      "version": "4.8.4",
      "resolved": "https://registry.npmjs.org/typescript/-/typescript-4.8.4.tgz",
      "integrity": "sha512-QCh+85mCy+h0IGff8r5XWzOVSbBO+KfeYrMQh7NJ58QujwcE22u+NUSmUxqF+un70P9GXKxa2HCNiTTMJknyjQ==",
      "dev": true,
      "bin": {
        "tsc": "bin/tsc",
        "tsserver": "bin/tsserver"
      },
      "engines": {
        "node": ">=4.2.0"
      }
    }
  },
  "dependencies": {
    "@figma/plugin-typings": {
      "version": "1.53.0",
      "resolved": "https://registry.npmjs.org/@figma/plugin-typings/-/plugin-typings-1.53.0.tgz",
      "integrity": "sha512-8XiX9iaguKE0YvcAon3hWv28rzJXe12OvKi6+ohPyLnF28f6msmyn/xVcoUuBCPAiMIDwOjlJHS+vwyzCiF9eA==",
      "dev": true
    },
    "typescript": {
      "version": "4.8.4",
      "resolved": "https://registry.npmjs.org/typescript/-/typescript-4.8.4.tgz",
      "integrity": "sha512-QCh+85mCy+h0IGff8r5XWzOVSbBO+KfeYrMQh7NJ58QujwcE22u+NUSmUxqF+un70P9GXKxa2HCNiTTMJknyjQ==",
      "dev": true
    }
  }
}
